
Microsoft Visual Studio Solution File, Format Version 12.00
# Visual Studio 2013
VisualStudioVersion = 12.0.31101.0
MinimumVisualStudioVersion = 10.0.40219.1
Project("{FAE04EC0-301F-11D3-BF4B-00C04F79EFBC}") = "01.Kitchen", "01.Kitchen\01.Kitchen.csproj", "{DB525DBA-EB17-44A0-B669-43A2379AE7E3}"
EndProject
Project("{FAE04EC0-301F-11D3-BF4B-00C04F79EFBC}") = "02.RefactoringIfs", "02.RefactoringIfs\02.RefactoringIfs.csproj", "{E06CB79E-4732-4CA0-99C0-1DEE60A372F0}"
EndProject
Project("{FAE04EC0-301F-11D3-BF4B-00C04F79EFBC}") = "03.RefactoringLoop", "03.RefactoringLoop\03.RefactoringLoop.csproj", "{6847CCF3-4D38-4189-8347-2B7ED008E7CD}"
EndProject
Project("{FAE04EC0-301F-11D3-BF4B-00C04F79EFBC}") = "04.DecodingCSharp1Exam", "04.DecodingCSharp1Exam\04.DecodingCSharp1Exam.csproj", "{E090D536-E591-4B54-9DBD-EF9F737FF735}"
EndProject
Project("{FAE04EC0-301F-11D3-BF4B-00C04F79EFBC}") = "04.ThreeNumbersCSharp1Exam", "04.ThreeNumbersCSharp1Exam\04.ThreeNumbersCSharp1Exam.csproj", "{52B260BA-A2EE-4C14-8E47-57A461CCA5B2}"
EndProject
Project("{FAE04EC0-301F-11D3-BF4B-00C04F79EFBC}") = "04.ConsoleApplication1CSharp1Exam", "04.ConsoleApplication1CSharp1Exam\04.ConsoleApplication1CSharp1Exam.csproj", "{23CBFB73-65F0-48EA-BD9D-C2CA502AC886}"
EndProject
Global
	GlobalSection(SolutionConfigurationPlatforms) = preSolution
		Debug|Any CPU = Debug|Any CPU
		Release|Any CPU = Release|Any CPU
	EndGlobalSection
	GlobalSection(ProjectConfigurationPlatforms) = postSolution
		{DB525DBA-EB17-44A0-B669-43A2379AE7E3}.Debug|Any CPU.ActiveCfg = Debug|Any CPU
		{DB525DBA-EB17-44A0-B669-43A2379AE7E3}.Debug|Any CPU.Build.0 = Debug|Any CPU
		{DB525DBA-EB17-44A0-B669-43A2379AE7E3}.Release|Any CPU.ActiveCfg = Release|Any CPU
		{DB525DBA-EB17-44A0-B669-43A2379AE7E3}.Release|Any CPU.Build.0 = Release|Any CPU
		{E06CB79E-4732-4CA0-99C0-1DEE60A372F0}.Debug|Any CPU.ActiveCfg = Debug|Any CPU
		{E06CB79E-4732-4CA0-99C0-1DEE60A372F0}.Debug|Any CPU.Build.0 = Debug|Any CPU
		{E06CB79E-4732-4CA0-99C0-1DEE60A372F0}.Release|Any CPU.ActiveCfg = Release|Any CPU
		{E06CB79E-4732-4CA0-99C0-1DEE60A372F0}.Release|Any CPU.Build.0 = Release|Any CPU
		{6847CCF3-4D38-4189-8347-2B7ED008E7CD}.Debug|Any CPU.ActiveCfg = Debug|Any CPU
		{6847CCF3-4D38-4189-8347-2B7ED008E7CD}.Debug|Any CPU.Build.0 = Debug|Any CPU
		{6847CCF3-4D38-4189-8347-2B7ED008E7CD}.Release|Any CPU.ActiveCfg = Release|Any CPU
		{6847CCF3-4D38-4189-8347-2B7ED008E7CD}.Release|Any CPU.Build.0 = Release|Any CPU
		{E090D536-E591-4B54-9DBD-EF9F737FF735}.Debug|Any CPU.ActiveCfg = Debug|Any CPU
		{E090D536-E591-4B54-9DBD-EF9F737FF735}.Debug|Any CPU.Build.0 = Debug|Any CPU
		{E090D536-E591-4B54-9DBD-EF9F737FF735}.Release|Any CPU.ActiveCfg = Release|Any CPU
		{E090D536-E591-4B54-9DBD-EF9F737FF735}.Release|Any CPU.Build.0 = Release|Any CPU
		{52B260BA-A2EE-4C14-8E47-57A461CCA5B2}.Debug|Any CPU.ActiveCfg = Debug|Any CPU
		{52B260BA-A2EE-4C14-8E47-57A461CCA5B2}.Debug|Any CPU.Build.0 = Debug|Any CPU
		{52B260BA-A2EE-4C14-8E47-57A461CCA5B2}.Release|Any CPU.ActiveCfg = Release|Any CPU
		{52B260BA-A2EE-4C14-8E47-57A461CCA5B2}.Release|Any CPU.Build.0 = Release|Any CPU
		{23CBFB73-65F0-48EA-BD9D-C2CA502AC886}.Debug|Any CPU.ActiveCfg = Debug|Any CPU
		{23CBFB73-65F0-48EA-BD9D-C2CA502AC886}.Debug|Any CPU.Build.0 = Debug|Any CPU
		{23CBFB73-65F0-48EA-BD9D-C2CA502AC886}.Release|Any CPU.ActiveCfg = Release|Any CPU
		{23CBFB73-65F0-48EA-BD9D-C2CA502AC886}.Release|Any CPU.Build.0 = Release|Any CPU
	EndGlobalSection
	GlobalSection(SolutionProperties) = preSolution
		HideSolutionNode = FALSE
	EndGlobalSection
EndGlobal
