
Microsoft Visual Studio Solution File, Format Version 12.00
# Visual Studio 2013
VisualStudioVersion = 12.0.31101.0
MinimumVisualStudioVersion = 10.0.40219.1
Project("{FAE04EC0-301F-11D3-BF4B-00C04F79EFBC}") = "01.Size", "01.Size\01.Size.csproj", "{616E3B8D-05DA-4343-A248-F4D3DA5A70F8}"
EndProject
Project("{FAE04EC0-301F-11D3-BF4B-00C04F79EFBC}") = "02.StatisticsPrinter", "02.StatisticsPrinter\02.StatisticsPrinter.csproj", "{7A842742-169E-4283-8081-42644EABA4B5}"
EndProject
Global
	GlobalSection(SolutionConfigurationPlatforms) = preSolution
		Debug|Any CPU = Debug|Any CPU
		Release|Any CPU = Release|Any CPU
	EndGlobalSection
	GlobalSection(ProjectConfigurationPlatforms) = postSolution
		{616E3B8D-05DA-4343-A248-F4D3DA5A70F8}.Debug|Any CPU.ActiveCfg = Debug|Any CPU
		{616E3B8D-05DA-4343-A248-F4D3DA5A70F8}.Debug|Any CPU.Build.0 = Debug|Any CPU
		{616E3B8D-05DA-4343-A248-F4D3DA5A70F8}.Release|Any CPU.ActiveCfg = Release|Any CPU
		{616E3B8D-05DA-4343-A248-F4D3DA5A70F8}.Release|Any CPU.Build.0 = Release|Any CPU
		{7A842742-169E-4283-8081-42644EABA4B5}.Debug|Any CPU.ActiveCfg = Debug|Any CPU
		{7A842742-169E-4283-8081-42644EABA4B5}.Debug|Any CPU.Build.0 = Debug|Any CPU
		{7A842742-169E-4283-8081-42644EABA4B5}.Release|Any CPU.ActiveCfg = Release|Any CPU
		{7A842742-169E-4283-8081-42644EABA4B5}.Release|Any CPU.Build.0 = Release|Any CPU
	EndGlobalSection
	GlobalSection(SolutionProperties) = preSolution
		HideSolutionNode = FALSE
	EndGlobalSection
EndGlobal
